<?xml version="1.0" encoding="utf-8"?>
<Project ToolsVersion="4.0" xmlns="http://schemas.microsoft.com/developer/msbuild/2003">
  <ItemGroup>
    <Filter Include="源文件">
      <UniqueIdentifier>{4FC737F1-C7A5-4376-A066-2A32D752A2FF}</UniqueIdentifier>
      <Extensions>cpp;c;cc;cxx;def;odl;idl;hpj;bat;asm;asmx</Extensions>
    </Filter>
    <Filter Include="头文件">
      <UniqueIdentifier>{93995380-89BD-4b04-88EB-625FBE52EBFB}</UniqueIdentifier>
      <Extensions>h;hh;hpp;hxx;hm;inl;inc;xsd</Extensions>
    </Filter>
    <Filter Include="资源文件">
      <UniqueIdentifier>{67DA6AB6-F800-4c08-8B7A-83BB121AAD01}</UniqueIdentifier>
      <Extensions>rc;ico;cur;bmp;dlg;rc2;rct;bin;rgs;gif;jpg;jpeg;jpe;resx;tiff;tif;png;wav;mfcribbon-ms</Extensions>
    </Filter>
    <Filter Include="头文件\jGraphicLib">
      <UniqueIdentifier>{f803b1f7-aaf5-400e-aa62-3741fe00b6af}</UniqueIdentifier>
    </Filter>
    <Filter Include="头文件\jMediaLib">
      <UniqueIdentifier>{582524b9-e8f8-4e1a-a726-4899a91d6205}</UniqueIdentifier>
    </Filter>
    <Filter Include="头文件\jExperimental">
      <UniqueIdentifier>{e579e936-4184-494f-8664-bf7b6721bc61}</UniqueIdentifier>
    </Filter>
    <Filter Include="头文件\jGameComponent">
      <UniqueIdentifier>{15c179ab-6523-4306-8020-0a40aa930017}</UniqueIdentifier>
    </Filter>
    <Filter Include="头文件\jGraphLib">
      <UniqueIdentifier>{d823635d-b57e-4020-a4cf-cee3128622b0}</UniqueIdentifier>
    </Filter>
    <Filter Include="头文件\jContainer">
      <UniqueIdentifier>{1cfa59d4-d99e-460f-833c-47f340250d57}</UniqueIdentifier>
    </Filter>
    <Filter Include="头文件\jMPL">
      <UniqueIdentifier>{6a640c5a-4b70-4567-b5c3-4dd408e85b01}</UniqueIdentifier>
    </Filter>
    <Filter Include="头文件\jUtility">
      <UniqueIdentifier>{5b23e6d2-b1ba-47a2-bb00-03bdba52fdb9}</UniqueIdentifier>
    </Filter>
    <Filter Include="头文件\jAlgorithm">
      <UniqueIdentifier>{1135bab3-9950-44a8-8548-ebb8dd3a0247}</UniqueIdentifier>
    </Filter>
    <Filter Include="头文件\jMath">
      <UniqueIdentifier>{bb54b1ea-553b-4095-bdf4-cf3c13d12c55}</UniqueIdentifier>
    </Filter>
  </ItemGroup>
  <ItemGroup>
    <ClInclude Include="jLight.h">
      <Filter>头文件\jGraphicLib</Filter>
    </ClInclude>
    <ClInclude Include="jColor.h">
      <Filter>头文件\jGraphicLib</Filter>
    </ClInclude>
    <ClInclude Include="jVector.h">
      <Filter>头文件\jGraphicLib</Filter>
    </ClInclude>
    <ClInclude Include="jCamera.h">
      <Filter>头文件\jGraphicLib</Filter>
    </ClInclude>
    <ClInclude Include="jMatrix.h">
      <Filter>头文件\jGraphicLib</Filter>
    </ClInclude>
    <ClInclude Include="jMatrixCvt.h">
      <Filter>头文件\jGraphicLib</Filter>
    </ClInclude>
    <ClInclude Include="jBitMap.h">
      <Filter>头文件\jMediaLib</Filter>
    </ClInclude>
    <ClInclude Include="jPlane.h">
      <Filter>头文件\jGraphicLib</Filter>
    </ClInclude>
    <ClInclude Include="jCircle.h">
      <Filter>头文件\jGraphicLib</Filter>
    </ClInclude>
    <ClInclude Include="jCanvas.h">
      <Filter>头文件\jGraphicLib</Filter>
    </ClInclude>
    <ClInclude Include="jLine2D.h">
      <Filter>头文件\jGraphicLib</Filter>
    </ClInclude>
    <ClInclude Include="jConstableClass.h">
      <Filter>头文件\jExperimental</Filter>
    </ClInclude>
    <ClInclude Include="jKDTree.h">
      <Filter>头文件\jGraphicLib</Filter>
    </ClInclude>
    <ClInclude Include="jAABBox.h">
      <Filter>头文件\jGraphicLib</Filter>
    </ClInclude>
    <ClInclude Include="jHana.h">
      <Filter>头文件\jExperimental</Filter>
    </ClInclude>
    <ClInclude Include="jBoostCompute.h">
      <Filter>头文件\jExperimental</Filter>
    </ClInclude>
    <ClInclude Include="jMetaStateMachine.h">
      <Filter>头文件\jExperimental</Filter>
    </ClInclude>
    <ClInclude Include="jGameObject.h">
      <Filter>头文件\jGameComponent</Filter>
    </ClInclude>
    <ClInclude Include="jGrid.h">
      <Filter>头文件\jGameComponent</Filter>
    </ClInclude>
    <ClInclude Include="jGraphGrid.h">
      <Filter>头文件\jGameComponent</Filter>
    </ClInclude>
    <ClInclude Include="jGraph.h">
      <Filter>头文件\jGraphLib</Filter>
    </ClInclude>
    <ClInclude Include="jGraphSearch.h">
      <Filter>头文件\jGraphLib</Filter>
    </ClInclude>
    <ClInclude Include="jMPL.h">
      <Filter>头文件\jMPL</Filter>
    </ClInclude>
    <ClInclude Include="jOpsMPL.h">
      <Filter>头文件\jMPL</Filter>
    </ClInclude>
    <ClInclude Include="jStringUtil.h">
      <Filter>头文件\jUtility</Filter>
    </ClInclude>
    <ClInclude Include="jDebug.h">
      <Filter>头文件\jUtility</Filter>
    </ClInclude>
    <ClInclude Include="jLog.h">
      <Filter>头文件\jUtility</Filter>
    </ClInclude>
    <ClInclude Include="jTestBase.h">
      <Filter>头文件\jUtility</Filter>
    </ClInclude>
    <ClInclude Include="jTestManager.h">
      <Filter>头文件\jUtility</Filter>
    </ClInclude>
    <ClInclude Include="jHash.h">
      <Filter>头文件\jAlgorithm</Filter>
    </ClInclude>
    <ClInclude Include="jIntString.h">
      <Filter>头文件\jContainer</Filter>
    </ClInclude>
    <ClInclude Include="jRange.h">
      <Filter>头文件\jContainer</Filter>
    </ClInclude>
    <ClInclude Include="jMath.h">
      <Filter>头文件\jMath</Filter>
    </ClInclude>
    <ClInclude Include="jRandom.h">
      <Filter>头文件\jMath</Filter>
    </ClInclude>
    <ClInclude Include="jAdjacentPointPair.h">
      <Filter>头文件\jAlgorithm</Filter>
    </ClInclude>
    <ClInclude Include="jVectorUtil.h">
      <Filter>头文件\jUtility</Filter>
    </ClInclude>
    <ClInclude Include="jUtility.h">
      <Filter>头文件\jUtility</Filter>
    </ClInclude>
    <ClInclude Include="jBigInt.h">
      <Filter>头文件\jContainer</Filter>
    </ClInclude>
  </ItemGroup>
  <ItemGroup>
    <ClCompile Include="main.cpp">
      <Filter>源文件</Filter>
    </ClCompile>
    <ClCompile Include="jStringUtil.cpp">
      <Filter>源文件</Filter>
    </ClCompile>
    <ClCompile Include="jTestManager.cpp">
      <Filter>源文件</Filter>
    </ClCompile>
    <ClCompile Include="jBitMap.cpp">
      <Filter>源文件</Filter>
    </ClCompile>
    <ClCompile Include="jAdjacentPointPair.cpp">
      <Filter>源文件</Filter>
    </ClCompile>
    <ClCompile Include="jBigInt.cpp">
      <Filter>源文件</Filter>
    </ClCompile>
    <ClCompile Include="jIntString.cpp">
      <Filter>源文件</Filter>
    </ClCompile>
  </ItemGroup>
</Project>