<?xml version="1.0" encoding="utf-8"?>
<Project ToolsVersion="4.0" xmlns="http://schemas.microsoft.com/developer/msbuild/2003">
  <ItemGroup>
    <Filter Include="源文件">
      <UniqueIdentifier>{4FC737F1-C7A5-4376-A066-2A32D752A2FF}</UniqueIdentifier>
      <Extensions>cpp;c;cc;cxx;def;odl;idl;hpj;bat;asm;asmx</Extensions>
    </Filter>
    <Filter Include="头文件">
      <UniqueIdentifier>{93995380-89BD-4b04-88EB-625FBE52EBFB}</UniqueIdentifier>
      <Extensions>h;hh;hpp;hxx;hm;inl;inc;xsd</Extensions>
    </Filter>
    <Filter Include="资源文件">
      <UniqueIdentifier>{67DA6AB6-F800-4c08-8B7A-83BB121AAD01}</UniqueIdentifier>
      <Extensions>rc;ico;cur;bmp;dlg;rc2;rct;bin;rgs;gif;jpg;jpeg;jpe;resx;tiff;tif;png;wav;mfcribbon-ms</Extensions>
    </Filter>
  </ItemGroup>
  <ItemGroup>
    <ClCompile Include="source\main.cpp">
      <Filter>源文件</Filter>
    </ClCompile>
    <ClCompile Include="source\jMaterial.cpp">
      <Filter>源文件</Filter>
    </ClCompile>
    <ClCompile Include="source\jRandom.cpp">
      <Filter>源文件</Filter>
    </ClCompile>
    <ClCompile Include="source\jKDTree.cpp">
      <Filter>源文件</Filter>
    </ClCompile>
    <ClCompile Include="source\jCamera.cpp">
      <Filter>源文件</Filter>
    </ClCompile>
    <ClCompile Include="source\jMesh.cpp">
      <Filter>源文件</Filter>
    </ClCompile>
    <ClCompile Include="source\jScene.cpp">
      <Filter>源文件</Filter>
    </ClCompile>
    <ClCompile Include="source\jRenderer.cpp">
      <Filter>源文件</Filter>
    </ClCompile>
    <ClCompile Include="extern\tiny_obj_loader\tiny_obj_loader.cc">
      <Filter>源文件</Filter>
    </ClCompile>
    <ClCompile Include="extern\lodepng\lodepng.cpp">
      <Filter>源文件</Filter>
    </ClCompile>
    <ClCompile Include="extern\rand48\rand48.c">
      <Filter>源文件</Filter>
    </ClCompile>
    <ClCompile Include="source\jShpere.cpp">
      <Filter>源文件</Filter>
    </ClCompile>
    <ClCompile Include="source\jVec3f_SIMD.cpp">
      <Filter>源文件</Filter>
    </ClCompile>
    <ClCompile Include="source\jVec3f_fpu.cpp">
      <Filter>源文件</Filter>
    </ClCompile>
  </ItemGroup>
  <ItemGroup>
    <ClInclude Include="include\jfloat.h">
      <Filter>头文件</Filter>
    </ClInclude>
    <ClInclude Include="include\jdef.h">
      <Filter>头文件</Filter>
    </ClInclude>
    <ClInclude Include="include\jDirectXMath.h">
      <Filter>头文件</Filter>
    </ClInclude>
    <ClInclude Include="include\jVec3f_SIMD.h">
      <Filter>头文件</Filter>
    </ClInclude>
    <ClInclude Include="include\jCommon.h">
      <Filter>头文件</Filter>
    </ClInclude>
    <ClInclude Include="include\jAABBox.h">
      <Filter>头文件</Filter>
    </ClInclude>
    <ClInclude Include="include\jRay.h">
      <Filter>头文件</Filter>
    </ClInclude>
    <ClInclude Include="include\jTriangle.h">
      <Filter>头文件</Filter>
    </ClInclude>
    <ClInclude Include="include\jMaterial.h">
      <Filter>头文件</Filter>
    </ClInclude>
    <ClInclude Include="include\jSphere.h">
      <Filter>头文件</Filter>
    </ClInclude>
    <ClInclude Include="include\jIntersection.h">
      <Filter>头文件</Filter>
    </ClInclude>
    <ClInclude Include="include\jMath.h">
      <Filter>头文件</Filter>
    </ClInclude>
    <ClInclude Include="include\jRandom.h">
      <Filter>头文件</Filter>
    </ClInclude>
    <ClInclude Include="include\jSceneObj.h">
      <Filter>头文件</Filter>
    </ClInclude>
    <ClInclude Include="include\jScene.h">
      <Filter>头文件</Filter>
    </ClInclude>
    <ClInclude Include="include\jKDTree.h">
      <Filter>头文件</Filter>
    </ClInclude>
    <ClInclude Include="include\jCamera.h">
      <Filter>头文件</Filter>
    </ClInclude>
    <ClInclude Include="include\jMesh.h">
      <Filter>头文件</Filter>
    </ClInclude>
    <ClInclude Include="include\jRenderer.h">
      <Filter>头文件</Filter>
    </ClInclude>
    <ClInclude Include="extern\lodepng\lodepng.h">
      <Filter>头文件</Filter>
    </ClInclude>
    <ClInclude Include="extern\rand48\erand48.h">
      <Filter>头文件</Filter>
    </ClInclude>
    <ClInclude Include="extern\tiny_obj_loader\tiny_obj_loader.h">
      <Filter>头文件</Filter>
    </ClInclude>
    <ClInclude Include="extern\UnrealMath\UnrealMathDirectX.h">
      <Filter>头文件</Filter>
    </ClInclude>
    <ClInclude Include="include\jVec3f_fpu.h">
      <Filter>头文件</Filter>
    </ClInclude>
  </ItemGroup>
</Project>